
Microsoft Visual Studio Solution File, Format Version 12.00
# Visual Studio Version 17
VisualStudioVersion = 17.5.33530.505
MinimumVisualStudioVersion = 10.0.40219.1
Project("{FAE04EC0-301F-11D3-BF4B-00C04F79EFBC}") = "CaptureMousePos", "CaptureMousePos.csproj", "{F734DE81-E55C-48EF-86C6-D125D9DB8F76}"
EndProject
Global
	GlobalSection(SolutionConfigurationPlatforms) = preSolution
		Debug|Any CPU = Debug|Any CPU
		Release|Any CPU = Release|Any CPU
	EndGlobalSection
	GlobalSection(ProjectConfigurationPlatforms) = postSolution
		{F734DE81-E55C-48EF-86C6-D125D9DB8F76}.Debug|Any CPU.ActiveCfg = Debug|Any CPU
		{F734DE81-E55C-48EF-86C6-D125D9DB8F76}.Debug|Any CPU.Build.0 = Debug|Any CPU
		{F734DE81-E55C-48EF-86C6-D125D9DB8F76}.Release|Any CPU.ActiveCfg = Release|Any CPU
		{F734DE81-E55C-48EF-86C6-D125D9DB8F76}.Release|Any CPU.Build.0 = Release|Any CPU
	EndGlobalSection
	GlobalSection(SolutionProperties) = preSolution
		HideSolutionNode = FALSE
	EndGlobalSection
	GlobalSection(ExtensibilityGlobals) = postSolution
		SolutionGuid = {4FFC995B-BA1C-4194-A447-2E40B3EEC4EC}
	EndGlobalSection
EndGlobal
